github.com/alfredyang1986/blackmirror v0.0.0-20190515093148-dca02785dc6f h1:ogPP4B7dmCStFQDW2+QO5wChFZkZnW6AHN8n6N3InMg=
github.com/alfredyang1986/blackmirror v0.0.0-20190515093148-dca02785dc6f/go.mod h1:NpL3ZW9nRZgX+wC12NCLeZeXWerNH+Htb0ZDR27iAco=
github.com/alfredyang1986/blackmirror v0.0.0-20190516081601-7c8a918710c6 h1:P8kva2l7yQYpAuVPPlE9ZAcNmwc8UVoXX0hAAcm4NEo=
github.com/alfredyang1986/blackmirror v0.0.0-20190516081601-7c8a918710c6/go.mod h1:NpL3ZW9nRZgX+wC12NCLeZeXWerNH+Htb0ZDR27iAco=
github.com/alfredyang1986/blackmirror v0.0.0-20190516091607-3b80de1d8e44 h1:2zwHFvCQPuP26qU1VEuwazvFCaaqZdZ9oVZs5CgrTBY=
github.com/alfredyang1986/blackmirror v0.0.0-20190516091607-3b80de1d8e44/go.mod h1:NpL3ZW9nRZgX+wC12NCLeZeXWerNH+Htb0ZDR27iAco=
github.com/alfredyang1986/blackmirror v0.0.0-20190516103937-241c2c599673 h1:i0k5jOQT48qaYaR17rNE/dp16YD246FPPQA/l/bM+pk=
github.com/alfredyang1986/blackmirror v0.0.0-20190516103937-241c2c599673/go.mod h1:NpL3ZW9nRZgX+wC12NCLeZeXWerNH+Htb0ZDR27iAco=
github.com/alfredyang1986/blackmirror v0.0.1 h1:qbysgkGkScyVjQ9NO0seMavRjPtHs0n/ostorP9rjL4=
github.com/alfredyang1986/blackmirror v0.0.1/go.mod h1:NpL3ZW9nRZgX+wC12NCLeZeXWerNH+Htb0ZDR27iAco=
github.com/alfredyang1986/blackmirror v0.0.2 h1:dONAt7GZg/c4g8NquB79DtRhvNpgUE1YIZQecotxmxA=
github.com/alfredyang1986/blackmirror v0.0.2/go.mod h1:NpL3ZW9nRZgX+wC12NCLeZeXWerNH+Htb0ZDR27iAco=
github.com/aliyun/aliyun-oss-go-sdk v1.9.6 h1:qKFUuQQbW6LkosAUCH9h1ClCR+fLaQPllP9/CwBKXDY=
github.com/aliyun/aliyun-oss-go-sdk v1.9.6/go.mod h1:T/Aws4fEfogEE9v+HPhhw+CntffsBHJ8nXQCwKr0/g8=
github.com/confluentinc/confluent-kafka-go v1.0.0 h1:y+G9NTXsvoelf1cRzjtLKOZsPqh71noS4+t+e+eINIk=
github.com/confluentinc/confluent-kafka-go v1.0.0/go.mod h1:u2zNLny2xq+5rWeTQjFHbDzzNuba4P1vo31r9r4uAdg=
github.com/elodina/go-avro v0.0.0-20160406082632-0c8185d9a3ba h1:QkK2L3uvEaZJ40iFZbiMKz/yQF/MI2uaNO2iyV/ve6w=
github.com/elodina/go-avro v0.0.0-20160406082632-0c8185d9a3ba/go.mod h1:3A7SOsr8WBIpkWUsqzMpR3tIQbanKqxZcis2GSl12Nk=
github.com/elodina/go-kafka-avro v0.0.0-20160422130714-ab6b1d1c9a23 h1:scSTNYGNfc6psTqyUnha3ABl3Rn8K9zzsA5jAAIRIa8=
github.com/elodina/go-kafka-avro v0.0.0-20160422130714-ab6b1d1c9a23/go.mod h1:z5hZMZ9gy20BI5BpG1qd7ZssNB2H8hDXnY5OjnX8TzE=
github.com/go-redis/redis v6.15.2+incompatible h1:9SpNVG76gr6InJGxoZ6IuuxaCOQwDAhzyXg+Bs+0Sb4=
github.com/go-redis/redis v6.15.2+incompatible/go.mod h1:NAIEuMOZ/fxfXJIrKDQDz8wamY7mA7PouImQ2Jvg6kA=
github.com/golang/time v0.0.0-20190308202827-9d24e82272b4 h1:F9e5QAps6/3zc8881JhdfJBCj+KjFaahs4YNEzAPc/Q=
github.com/golang/time v0.0.0-20190308202827-9d24e82272b4/go.mod h1:tRJNPiyCQ0inRvYxbN9jk5I+vvW/OXSQhTDSoE431IQ=
github.com/hashicorp/go-uuid v1.0.1 h1:fv1ep09latC32wFoVwnqcnKJGnMSdBanPczbHAYm1BE=
github.com/hashicorp/go-uuid v1.0.1/go.mod h1:6SBZvOh/SIDV7/2o3Jml5SYk/TvGqwFJ/bN7x4byOro=
github.com/mattn/go-xmpp v0.0.0-20190124093244-6093f50721ed h1:A1hEQg5M0b3Wg06pm3q/B0wdZsPjVQ/a2IgauQ8wCZo=
github.com/mattn/go-xmpp v0.0.0-20190124093244-6093f50721ed/go.mod h1:Cs5mF0OsrRRmhkyOod//ldNPOwJsrBvJ+1WRspv0xoc=
gopkg.in/mgo.v2 v2.0.0-20180705113604-9856a29383ce h1:xcEWjVhvbDy+nHP67nPDDpbYrY+ILlfndk4bRioVHaU=
gopkg.in/mgo.v2 v2.0.0-20180705113604-9856a29383ce/go.mod h1:yeKp02qBN3iKW1OzL3MGk2IdtZzaj7SFntXj72NppTA=
